// !$*UTF8*$!
{
	archiveVersion = 1;
	classes = {
	};
	objectVersion = 46;
	objects = {

/* Begin PBXBuildFile section */
		CC9F8DC317169C8E00810813 /* UIKit.framework in Frameworks */ = {isa = PBXBuildFile; fileRef = CC9F8DC217169C8E00810813 /* UIKit.framework */; };
		CC9F8DC517169C8E00810813 /* Foundation.framework in Frameworks */ = {isa = PBXBuildFile; fileRef = CC9F8DC417169C8E00810813 /* Foundation.framework */; };
		CC9F8DC717169C8E00810813 /* CoreGraphics.framework in Frameworks */ = {isa = PBXBuildFile; fileRef = CC9F8DC617169C8E00810813 /* CoreGraphics.framework */; };
		CC9F8DDF17169C8E00810813 /* SDViewController.xib in Resources */ = {isa = PBXBuildFile; fileRef = CC9F8DDD17169C8E00810813 /* SDViewController.xib */; };
		CC9F8DEA17169D0E00810813 /* CFNetwork.framework in Frameworks */ = {isa = PBXBuildFile; fileRef = CC9F8DE917169D0E00810813 /* CFNetwork.framework */; };
		CC9F8DEC17169D1300810813 /* Security.framework in Frameworks */ = {isa = PBXBuildFile; fileRef = CC9F8DEB17169D1300810813 /* Security.framework */; };
		FF25A3851CC08D92009CB69A /* Silent Mobile Disco-Info.plist in Resources */ = {isa = PBXBuildFile; fileRef = FF25A3831CC08D92009CB69A /* Silent Mobile Disco-Info.plist */; };
		FF4D1B9A1CC2C52500A4B775 /* SDDiscoViewController.m in Sources */ = {isa = PBXBuildFile; fileRef = FF4D1B981CC2C52500A4B775 /* SDDiscoViewController.m */; };
		FF4D1B9B1CC2C52500A4B775 /* SDDiscoViewController.xib in Resources */ = {isa = PBXBuildFile; fileRef = FF4D1B991CC2C52500A4B775 /* SDDiscoViewController.xib */; };
		FF4D1B9D1CC2C74700A4B775 /* Disco.storyboard in Resources */ = {isa = PBXBuildFile; fileRef = FF4D1B9C1CC2C74700A4B775 /* Disco.storyboard */; };
		FF5A5DA91CC0902A00FD33A6 /* SDAppDelegate.m in Sources */ = {isa = PBXBuildFile; fileRef = CC9F8DD217169C8E00810813 /* SDAppDelegate.m */; };
		FF5A5DAA1CC0902A00FD33A6 /* SDViewController.m in Sources */ = {isa = PBXBuildFile; fileRef = CC9F8DDB17169C8E00810813 /* SDViewController.m */; };
		FF5A5DAC1CC0902A00FD33A6 /* SDJoinDiscoViewController.m in Sources */ = {isa = PBXBuildFile; fileRef = CC9F8DF31716ADB200810813 /* SDJoinDiscoViewController.m */; };
		FF5A5DAD1CC0902A00FD33A6 /* GStreamerBackend.m in Sources */ = {isa = PBXBuildFile; fileRef = FFF93BA71CC0866C00804E58 /* GStreamerBackend.m */; };
		FF5A5DB41CC0908A00FD33A6 /* InfoPlist.strings in Resources */ = {isa = PBXBuildFile; fileRef = CC9F8DCB17169C8E00810813 /* InfoPlist.strings */; };
		FF5A5DB51CC0908A00FD33A6 /* Default.png in Resources */ = {isa = PBXBuildFile; fileRef = CC9F8DD417169C8E00810813 /* Default.png */; };
		FF5A5DB61CC0908A00FD33A6 /* Default@2x.png in Resources */ = {isa = PBXBuildFile; fileRef = CC9F8DD617169C8E00810813 /* Default@2x.png */; };
		FF5A5DB71CC0908A00FD33A6 /* Default-568h@2x.png in Resources */ = {isa = PBXBuildFile; fileRef = CC9F8DD817169C8E00810813 /* Default-568h@2x.png */; };
		FF5A5DBF1CC0927E00FD33A6 /* gst_ios_init.m in Sources */ = {isa = PBXBuildFile; fileRef = FFF93BA41CC0865E00804E58 /* gst_ios_init.m */; };
		FF5A5DC01CC0928200FD33A6 /* main.m in Sources */ = {isa = PBXBuildFile; fileRef = CC9F8DCE17169C8E00810813 /* main.m */; };
		FFEA11951CBF721D00EE96CE /* GStreamer.framework in Frameworks */ = {isa = PBXBuildFile; fileRef = FFEA11941CBF721D00EE96CE /* GStreamer.framework */; };
		FFEA11971CBF723D00EE96CE /* libiconv.2.tbd in Frameworks */ = {isa = PBXBuildFile; fileRef = FFEA11961CBF723D00EE96CE /* libiconv.2.tbd */; };
		FFEDF6231CC2E0CE00039785 /* SDDiscoModel.m in Sources */ = {isa = PBXBuildFile; fileRef = FFEDF6221CC2E0CE00039785 /* SDDiscoModel.m */; };
/* End PBXBuildFile section */

/* Begin PBXFileReference section */
		CC9F8DBF17169C8E00810813 /* Silent Mobile Disco.app */ = {isa = PBXFileReference; explicitFileType = wrapper.application; includeInIndex = 0; path = "Silent Mobile Disco.app"; sourceTree = BUILT_PRODUCTS_DIR; };
		CC9F8DC217169C8E00810813 /* UIKit.framework */ = {isa = PBXFileReference; lastKnownFileType = wrapper.framework; name = UIKit.framework; path = System/Library/Frameworks/UIKit.framework; sourceTree = SDKROOT; };
		CC9F8DC417169C8E00810813 /* Foundation.framework */ = {isa = PBXFileReference; lastKnownFileType = wrapper.framework; name = Foundation.framework; path = System/Library/Frameworks/Foundation.framework; sourceTree = SDKROOT; };
		CC9F8DC617169C8E00810813 /* CoreGraphics.framework */ = {isa = PBXFileReference; lastKnownFileType = wrapper.framework; name = CoreGraphics.framework; path = System/Library/Frameworks/CoreGraphics.framework; sourceTree = SDKROOT; };
		CC9F8DCC17169C8E00810813 /* en */ = {isa = PBXFileReference; lastKnownFileType = text.plist.strings; name = en; path = en.lproj/InfoPlist.strings; sourceTree = "<group>"; };
		CC9F8DCE17169C8E00810813 /* main.m */ = {isa = PBXFileReference; fileEncoding = 4; lastKnownFileType = sourcecode.c.objc; name = main.m; path = "Silent Mobile Disco/main.m"; sourceTree = "<group>"; };
		CC9F8DD117169C8E00810813 /* SDAppDelegate.h */ = {isa = PBXFileReference; lastKnownFileType = sourcecode.c.h; path = SDAppDelegate.h; sourceTree = "<group>"; };
		CC9F8DD217169C8E00810813 /* SDAppDelegate.m */ = {isa = PBXFileReference; lastKnownFileType = sourcecode.c.objc; path = SDAppDelegate.m; sourceTree = "<group>"; };
		CC9F8DD417169C8E00810813 /* Default.png */ = {isa = PBXFileReference; lastKnownFileType = image.png; name = Default.png; path = "Silent Mobile Disco/Default.png"; sourceTree = "<group>"; };
		CC9F8DD617169C8E00810813 /* Default@2x.png */ = {isa = PBXFileReference; lastKnownFileType = image.png; name = "Default@2x.png"; path = "Silent Mobile Disco/Default@2x.png"; sourceTree = "<group>"; };
		CC9F8DD817169C8E00810813 /* Default-568h@2x.png */ = {isa = PBXFileReference; lastKnownFileType = image.png; name = "Default-568h@2x.png"; path = "Silent Mobile Disco/Default-568h@2x.png"; sourceTree = "<group>"; };
		CC9F8DDA17169C8E00810813 /* SDViewController.h */ = {isa = PBXFileReference; lastKnownFileType = sourcecode.c.h; path = SDViewController.h; sourceTree = "<group>"; };
		CC9F8DDB17169C8E00810813 /* SDViewController.m */ = {isa = PBXFileReference; lastKnownFileType = sourcecode.c.objc; path = SDViewController.m; sourceTree = "<group>"; };
		CC9F8DDE17169C8E00810813 /* en */ = {isa = PBXFileReference; lastKnownFileType = file.xib; name = en; path = en.lproj/SDViewController.xib; sourceTree = "<group>"; };
		CC9F8DE917169D0E00810813 /* CFNetwork.framework */ = {isa = PBXFileReference; lastKnownFileType = wrapper.framework; name = CFNetwork.framework; path = System/Library/Frameworks/CFNetwork.framework; sourceTree = SDKROOT; };
		CC9F8DEB17169D1300810813 /* Security.framework */ = {isa = PBXFileReference; lastKnownFileType = wrapper.framework; name = Security.framework; path = System/Library/Frameworks/Security.framework; sourceTree = SDKROOT; };
		CC9F8DF21716ADB200810813 /* SDJoinDiscoViewController.h */ = {isa = PBXFileReference; fileEncoding = 4; lastKnownFileType = sourcecode.c.h; path = SDJoinDiscoViewController.h; sourceTree = "<group>"; };
		CC9F8DF31716ADB200810813 /* SDJoinDiscoViewController.m */ = {isa = PBXFileReference; fileEncoding = 4; lastKnownFileType = sourcecode.c.objc; path = SDJoinDiscoViewController.m; sourceTree = "<group>"; };
		FF25A3831CC08D92009CB69A /* Silent Mobile Disco-Info.plist */ = {isa = PBXFileReference; fileEncoding = 4; lastKnownFileType = text.plist.xml; name = "Silent Mobile Disco-Info.plist"; path = "Silent Mobile Disco/Silent Mobile Disco-Info.plist"; sourceTree = SOURCE_ROOT; };
		FF25A3841CC08D92009CB69A /* Silent Mobile Disco-Prefix.pch */ = {isa = PBXFileReference; fileEncoding = 4; lastKnownFileType = sourcecode.c.h; name = "Silent Mobile Disco-Prefix.pch"; path = "Silent Mobile Disco/Silent Mobile Disco-Prefix.pch"; sourceTree = SOURCE_ROOT; };
		FF4D1B971CC2C52500A4B775 /* SDDiscoViewController.h */ = {isa = PBXFileReference; fileEncoding = 4; lastKnownFileType = sourcecode.c.h; path = SDDiscoViewController.h; sourceTree = "<group>"; };
		FF4D1B981CC2C52500A4B775 /* SDDiscoViewController.m */ = {isa = PBXFileReference; fileEncoding = 4; lastKnownFileType = sourcecode.c.objc; path = SDDiscoViewController.m; sourceTree = "<group>"; };
		FF4D1B991CC2C52500A4B775 /* SDDiscoViewController.xib */ = {isa = PBXFileReference; fileEncoding = 4; lastKnownFileType = file.xib; path = SDDiscoViewController.xib; sourceTree = "<group>"; };
		FF4D1B9C1CC2C74700A4B775 /* Disco.storyboard */ = {isa = PBXFileReference; fileEncoding = 4; lastKnownFileType = file.storyboard; path = Disco.storyboard; sourceTree = "<group>"; };
		FFEA11941CBF721D00EE96CE /* GStreamer.framework */ = {isa = PBXFileReference; lastKnownFileType = wrapper.framework; path = GStreamer.framework; sourceTree = "<group>"; };
		FFEA11961CBF723D00EE96CE /* libiconv.2.tbd */ = {isa = PBXFileReference; lastKnownFileType = "sourcecode.text-based-dylib-definition"; name = libiconv.2.tbd; path = usr/lib/libiconv.2.tbd; sourceTree = SDKROOT; };
		FFEDF6211CC2E0CE00039785 /* SDDiscoModel.h */ = {isa = PBXFileReference; fileEncoding = 4; lastKnownFileType = sourcecode.c.h; path = SDDiscoModel.h; sourceTree = "<group>"; };
		FFEDF6221CC2E0CE00039785 /* SDDiscoModel.m */ = {isa = PBXFileReference; fileEncoding = 4; lastKnownFileType = sourcecode.c.objc; path = SDDiscoModel.m; sourceTree = "<group>"; };
		FFF93BA21CC0864F00804E58 /* GStreamerBackendDelegate.h */ = {isa = PBXFileReference; fileEncoding = 4; lastKnownFileType = sourcecode.c.h; name = GStreamerBackendDelegate.h; path = "Silent Mobile Disco/GStreamerBackendDelegate.h"; sourceTree = "<group>"; };
		FFF93BA31CC0865E00804E58 /* gst_ios_init.h */ = {isa = PBXFileReference; fileEncoding = 4; lastKnownFileType = sourcecode.c.h; name = gst_ios_init.h; path = "Silent Mobile Disco/gst_ios_init.h"; sourceTree = "<group>"; };
		FFF93BA41CC0865E00804E58 /* gst_ios_init.m */ = {isa = PBXFileReference; fileEncoding = 4; lastKnownFileType = sourcecode.c.objc; name = gst_ios_init.m; path = "Silent Mobile Disco/gst_ios_init.m"; sourceTree = "<group>"; };
		FFF93BA61CC0866C00804E58 /* GStreamerBackend.h */ = {isa = PBXFileReference; fileEncoding = 4; lastKnownFileType = sourcecode.c.h; name = GStreamerBackend.h; path = "../Silent Mobile Disco/GStreamerBackend.h"; sourceTree = "<group>"; };
		FFF93BA71CC0866C00804E58 /* GStreamerBackend.m */ = {isa = PBXFileReference; fileEncoding = 4; lastKnownFileType = sourcecode.c.objc; name = GStreamerBackend.m; path = "../Silent Mobile Disco/GStreamerBackend.m"; sourceTree = "<group>"; };
/* End PBXFileReference section */

/* Begin PBXFrameworksBuildPhase section */
		CC9F8DBC17169C8E00810813 /* Frameworks */ = {
			isa = PBXFrameworksBuildPhase;
			buildActionMask = 2147483647;
			files = (
				CC9F8DC317169C8E00810813 /* UIKit.framework in Frameworks */,
				CC9F8DEC17169D1300810813 /* Security.framework in Frameworks */,
				CC9F8DEA17169D0E00810813 /* CFNetwork.framework in Frameworks */,
				CC9F8DC517169C8E00810813 /* Foundation.framework in Frameworks */,
				CC9F8DC717169C8E00810813 /* CoreGraphics.framework in Frameworks */,
				FFEA11951CBF721D00EE96CE /* GStreamer.framework in Frameworks */,
				FFEA11971CBF723D00EE96CE /* libiconv.2.tbd in Frameworks */,
			);
			runOnlyForDeploymentPostprocessing = 0;
		};
/* End PBXFrameworksBuildPhase section */

/* Begin PBXGroup section */
		CC9F8DB617169C8E00810813 = {
			isa = PBXGroup;
			children = (
				CC9F8DC817169C8E00810813 /* Silent Mobile Disco */,
				CC9F8DC117169C8E00810813 /* Frameworks */,
				CC9F8DC017169C8E00810813 /* Products */,
			);
			sourceTree = "<group>";
		};
		CC9F8DC017169C8E00810813 /* Products */ = {
			isa = PBXGroup;
			children = (
				CC9F8DBF17169C8E00810813 /* Silent Mobile Disco.app */,
			);
			name = Products;
			sourceTree = "<group>";
		};
		CC9F8DC117169C8E00810813 /* Frameworks */ = {
			isa = PBXGroup;
			children = (
				FFEA11961CBF723D00EE96CE /* libiconv.2.tbd */,
				FFEA11941CBF721D00EE96CE /* GStreamer.framework */,
				CC9F8DEB17169D1300810813 /* Security.framework */,
				CC9F8DE917169D0E00810813 /* CFNetwork.framework */,
				CC9F8DC217169C8E00810813 /* UIKit.framework */,
				CC9F8DC417169C8E00810813 /* Foundation.framework */,
				CC9F8DC617169C8E00810813 /* CoreGraphics.framework */,
			);
			name = Frameworks;
			sourceTree = "<group>";
		};
		CC9F8DC817169C8E00810813 /* Silent Mobile Disco */ = {
			isa = PBXGroup;
			children = (
				FF4D1B971CC2C52500A4B775 /* SDDiscoViewController.h */,
				FF4D1B981CC2C52500A4B775 /* SDDiscoViewController.m */,
				FF4D1B991CC2C52500A4B775 /* SDDiscoViewController.xib */,
				FF4D1B9C1CC2C74700A4B775 /* Disco.storyboard */,
				CC9F8DD117169C8E00810813 /* SDAppDelegate.h */,
				CC9F8DD217169C8E00810813 /* SDAppDelegate.m */,
				CC9F8DDA17169C8E00810813 /* SDViewController.h */,
				CC9F8DDB17169C8E00810813 /* SDViewController.m */,
				CC9F8DDD17169C8E00810813 /* SDViewController.xib */,
				CC9F8DF21716ADB200810813 /* SDJoinDiscoViewController.h */,
				CC9F8DF31716ADB200810813 /* SDJoinDiscoViewController.m */,
				FFEDF6211CC2E0CE00039785 /* SDDiscoModel.h */,
				FFEDF6221CC2E0CE00039785 /* SDDiscoModel.m */,
				FFF93BA61CC0866C00804E58 /* GStreamerBackend.h */,
				FFF93BA71CC0866C00804E58 /* GStreamerBackend.m */,
				CC9F8DC917169C8E00810813 /* Supporting Files */,
			);
			path = "Silent Mobile Disco";
			sourceTree = "<group>";
		};
		CC9F8DC917169C8E00810813 /* Supporting Files */ = {
			isa = PBXGroup;
			children = (
				FFF93BA21CC0864F00804E58 /* GStreamerBackendDelegate.h */,
				FF25A3831CC08D92009CB69A /* Silent Mobile Disco-Info.plist */,
				FF25A3841CC08D92009CB69A /* Silent Mobile Disco-Prefix.pch */,
				FFF93BA31CC0865E00804E58 /* gst_ios_init.h */,
				FFF93BA41CC0865E00804E58 /* gst_ios_init.m */,
				CC9F8DCB17169C8E00810813 /* InfoPlist.strings */,
				CC9F8DCE17169C8E00810813 /* main.m */,
				CC9F8DD417169C8E00810813 /* Default.png */,
				CC9F8DD617169C8E00810813 /* Default@2x.png */,
				CC9F8DD817169C8E00810813 /* Default-568h@2x.png */,
			);
			name = "Supporting Files";
			path = ..;
			sourceTree = "<group>";
		};
/* End PBXGroup section */

/* Begin PBXNativeTarget section */
		CC9F8DBE17169C8E00810813 /* Silent Mobile Disco */ = {
			isa = PBXNativeTarget;
			buildConfigurationList = CC9F8DE217169C8E00810813 /* Build configuration list for PBXNativeTarget "Silent Mobile Disco" */;
			buildPhases = (
				CC9F8DBB17169C8E00810813 /* Sources */,
				CC9F8DBC17169C8E00810813 /* Frameworks */,
				CC9F8DBD17169C8E00810813 /* Resources */,
			);
			buildRules = (
			);
			dependencies = (
			);
			name = "Silent Mobile Disco";
			productName = "Four in a Row";
			productReference = CC9F8DBF17169C8E00810813 /* Silent Mobile Disco.app */;
			productType = "com.apple.product-type.application";
		};
/* End PBXNativeTarget section */

/* Begin PBXProject section */
		CC9F8DB717169C8E00810813 /* Project object */ = {
			isa = PBXProject;
			attributes = {
				CLASSPREFIX = SD;
				LastUpgradeCheck = 0460;
				ORGANIZATIONNAME = "Silent Mobile Disco";
			};
			buildConfigurationList = CC9F8DBA17169C8E00810813 /* Build configuration list for PBXProject "Silent Mobile Disco" */;
			compatibilityVersion = "Xcode 3.2";
			developmentRegion = English;
			hasScannedForEncodings = 0;
			knownRegions = (
				en,
			);
			mainGroup = CC9F8DB617169C8E00810813;
			productRefGroup = CC9F8DC017169C8E00810813 /* Products */;
			projectDirPath = "";
			projectRoot = "";
			targets = (
				CC9F8DBE17169C8E00810813 /* Silent Mobile Disco */,
			);
		};
/* End PBXProject section */

/* Begin PBXResourcesBuildPhase section */
		CC9F8DBD17169C8E00810813 /* Resources */ = {
			isa = PBXResourcesBuildPhase;
			buildActionMask = 2147483647;
			files = (
				FF5A5DB41CC0908A00FD33A6 /* InfoPlist.strings in Resources */,
				FF5A5DB51CC0908A00FD33A6 /* Default.png in Resources */,
				FF4D1B9B1CC2C52500A4B775 /* SDDiscoViewController.xib in Resources */,
				FF5A5DB61CC0908A00FD33A6 /* Default@2x.png in Resources */,
				FF5A5DB71CC0908A00FD33A6 /* Default-568h@2x.png in Resources */,
				FF25A3851CC08D92009CB69A /* Silent Mobile Disco-Info.plist in Resources */,
				CC9F8DDF17169C8E00810813 /* SDViewController.xib in Resources */,
				FF4D1B9D1CC2C74700A4B775 /* Disco.storyboard in Resources */,
			);
			runOnlyForDeploymentPostprocessing = 0;
		};
/* End PBXResourcesBuildPhase section */

/* Begin PBXSourcesBuildPhase section */
		CC9F8DBB17169C8E00810813 /* Sources */ = {
			isa = PBXSourcesBuildPhase;
			buildActionMask = 2147483647;
			files = (
				FF5A5DA91CC0902A00FD33A6 /* SDAppDelegate.m in Sources */,
				FF5A5DAA1CC0902A00FD33A6 /* SDViewController.m in Sources */,
				FF4D1B9A1CC2C52500A4B775 /* SDDiscoViewController.m in Sources */,
				FF5A5DBF1CC0927E00FD33A6 /* gst_ios_init.m in Sources */,
				FFEDF6231CC2E0CE00039785 /* SDDiscoModel.m in Sources */,
				FF5A5DAC1CC0902A00FD33A6 /* SDJoinDiscoViewController.m in Sources */,
				FF5A5DC01CC0928200FD33A6 /* main.m in Sources */,
				FF5A5DAD1CC0902A00FD33A6 /* GStreamerBackend.m in Sources */,
			);
			runOnlyForDeploymentPostprocessing = 0;
		};
/* End PBXSourcesBuildPhase section */

/* Begin PBXVariantGroup section */
		CC9F8DCB17169C8E00810813 /* InfoPlist.strings */ = {
			isa = PBXVariantGroup;
			children = (
				CC9F8DCC17169C8E00810813 /* en */,
			);
			name = InfoPlist.strings;
			path = "Silent Mobile Disco";
			sourceTree = "<group>";
		};
		CC9F8DDD17169C8E00810813 /* SDViewController.xib */ = {
			isa = PBXVariantGroup;
			children = (
				CC9F8DDE17169C8E00810813 /* en */,
			);
			name = SDViewController.xib;
			path = "../Silent Mobile Disco";
			sourceTree = "<group>";
		};
/* End PBXVariantGroup section */

/* Begin XCBuildConfiguration section */
		CC9F8DE017169C8E00810813 /* Debug */ = {
			isa = XCBuildConfiguration;
			buildSettings = {
				ALWAYS_SEARCH_USER_PATHS = NO;
				CLANG_CXX_LANGUAGE_STANDARD = "gnu++0x";
				CLANG_CXX_LIBRARY = "libc++";
				CLANG_ENABLE_OBJC_ARC = YES;
				CLANG_WARN_CONSTANT_CONVERSION = YES;
				CLANG_WARN_EMPTY_BODY = YES;
				CLANG_WARN_ENUM_CONVERSION = YES;
				CLANG_WARN_INT_CONVERSION = YES;
				CLANG_WARN__DUPLICATE_METHOD_MATCH = YES;
				"CODE_SIGN_IDENTITY[sdk=iphoneos*]" = "iPhone Developer";
				COPY_PHASE_STRIP = NO;
				ENABLE_BITCODE = NO;
				FRAMEWORK_SEARCH_PATHS = (
					"\"~/Library/Developer/GStreamer/iPhone.sdk\"",
					"\"$(SYSTEM_APPS_DIR)/Xcode.app/Contents/Developer/Library/Frameworks\"",
				);
				GCC_C_LANGUAGE_STANDARD = gnu99;
				GCC_DYNAMIC_NO_PIC = NO;
				GCC_OPTIMIZATION_LEVEL = 0;
				GCC_PREPROCESSOR_DEFINITIONS = (
					"DEBUG=1",
					"$(inherited)",
				);
				GCC_SYMBOLS_PRIVATE_EXTERN = NO;
				GCC_WARN_ABOUT_RETURN_TYPE = YES;
				GCC_WARN_UNINITIALIZED_AUTOS = YES;
				GCC_WARN_UNUSED_VARIABLE = YES;
				HEADER_SEARCH_PATHS = "\"~/Library/Developer/GStreamer/iPhone.sdk/GStreamer.framework/Headers\"";
				IPHONEOS_DEPLOYMENT_TARGET = 6.1;
				ONLY_ACTIVE_ARCH = YES;
				SDKROOT = iphoneos;
			};
			name = Debug;
		};
		CC9F8DE117169C8E00810813 /* Release */ = {
			isa = XCBuildConfiguration;
			buildSettings = {
				ALWAYS_SEARCH_USER_PATHS = NO;
				CLANG_CXX_LANGUAGE_STANDARD = "gnu++0x";
				CLANG_CXX_LIBRARY = "libc++";
				CLANG_ENABLE_OBJC_ARC = YES;
				CLANG_WARN_CONSTANT_CONVERSION = YES;
				CLANG_WARN_EMPTY_BODY = YES;
				CLANG_WARN_ENUM_CONVERSION = YES;
				CLANG_WARN_INT_CONVERSION = YES;
				CLANG_WARN__DUPLICATE_METHOD_MATCH = YES;
				"CODE_SIGN_IDENTITY[sdk=iphoneos*]" = "iPhone Developer";
				COPY_PHASE_STRIP = YES;
				ENABLE_BITCODE = NO;
				FRAMEWORK_SEARCH_PATHS = (
					"\"~/Library/Developer/GStreamer/iPhone.sdk\"",
					"\"$(SYSTEM_APPS_DIR)/Xcode.app/Contents/Developer/Library/Frameworks\"",
				);
				GCC_C_LANGUAGE_STANDARD = gnu99;
				GCC_WARN_ABOUT_RETURN_TYPE = YES;
				GCC_WARN_UNINITIALIZED_AUTOS = YES;
				GCC_WARN_UNUSED_VARIABLE = YES;
				HEADER_SEARCH_PATHS = "\"~/Library/Developer/GStreamer/iPhone.sdk/GStreamer.framework/Headers\"";
				IPHONEOS_DEPLOYMENT_TARGET = 6.1;
				OTHER_CFLAGS = "-DNS_BLOCK_ASSERTIONS=1";
				SDKROOT = iphoneos;
				VALIDATE_PRODUCT = YES;
			};
			name = Release;
		};
		CC9F8DE317169C8E00810813 /* Debug */ = {
			isa = XCBuildConfiguration;
			buildSettings = {
				ENABLE_BITCODE = NO;
				FRAMEWORK_SEARCH_PATHS = (
					"$(inherited)",
					"$(PROJECT_DIR)",
				);
				GCC_PRECOMPILE_PREFIX_HEADER = YES;
				GCC_PREFIX_HEADER = "Silent Mobile Disco/Silent Mobile Disco-Prefix.pch";
				HEADER_SEARCH_PATHS = "\"~/Library/Developer/GStreamer/iPhone.sdk/GStreamer.framework/Headers\"";
				INFOPLIST_FILE = "Silent Mobile Disco/Silent Mobile Disco-Info.plist";
				IPHONEOS_DEPLOYMENT_TARGET = 6.1;
				LIBRARY_SEARCH_PATHS = "";
				OTHER_LDFLAGS = (
					"-lresolv",
					"-lstdc++",
					"-framework",
					CoreFoundation,
					"-framework",
					Foundation,
					"-framework",
					AVFoundation,
					"-framework",
					CoreMedia,
					"-framework",
					CoreVideo,
					"-framework",
					CoreAudio,
					"-framework",
					AudioToolbox,
					"-framework",
					OpenGLES,
					"-framework",
					AssetsLibrary,
					"-framework",
					QuartzCore,
					"-framework",
					AssetsLibrary,
					"-weak_framework",
					VideoToolBox,
				);
				PRODUCT_NAME = "Silent Mobile Disco";
				WRAPPER_EXTENSION = app;
			};
			name = Debug;
		};
		CC9F8DE417169C8E00810813 /* Release */ = {
			isa = XCBuildConfiguration;
			buildSettings = {
				ENABLE_BITCODE = NO;
				FRAMEWORK_SEARCH_PATHS = (
					"$(inherited)",
					"$(PROJECT_DIR)",
				);
				GCC_PRECOMPILE_PREFIX_HEADER = YES;
				GCC_PREFIX_HEADER = "Silent Mobile Disco/Silent Mobile Disco-Prefix.pch";
				HEADER_SEARCH_PATHS = "\"~/Library/Developer/GStreamer/iPhone.sdk/GStreamer.framework/Headers\"";
				INFOPLIST_FILE = "Silent Mobile Disco/Silent Mobile Disco-Info.plist";
				IPHONEOS_DEPLOYMENT_TARGET = 6.1;
				LIBRARY_SEARCH_PATHS = "";
				OTHER_LDFLAGS = (
					"-lresolv",
					"-lstdc++",
					"-framework",
					CoreFoundation,
					"-framework",
					Foundation,
					"-framework",
					AVFoundation,
					"-framework",
					CoreMedia,
					"-framework",
					CoreVideo,
					"-framework",
					CoreAudio,
					"-framework",
					AudioToolbox,
					"-framework",
					OpenGLES,
					"-framework",
					AssetsLibrary,
					"-framework",
					QuartzCore,
					"-framework",
					AssetsLibrary,
					"-weak_framework",
					VideoToolBox,
				);
				PRODUCT_NAME = "Silent Mobile Disco";
				WRAPPER_EXTENSION = app;
			};
			name = Release;
		};
/* End XCBuildConfiguration section */

/* Begin XCConfigurationList section */
		CC9F8DBA17169C8E00810813 /* Build configuration list for PBXProject "Silent Mobile Disco" */ = {
			isa = XCConfigurationList;
			buildConfigurations = (
				CC9F8DE017169C8E00810813 /* Debug */,
				CC9F8DE117169C8E00810813 /* Release */,
			);
			defaultConfigurationIsVisible = 0;
			defaultConfigurationName = Release;
		};
		CC9F8DE217169C8E00810813 /* Build configuration list for PBXNativeTarget "Silent Mobile Disco" */ = {
			isa = XCConfigurationList;
			buildConfigurations = (
				CC9F8DE317169C8E00810813 /* Debug */,
				CC9F8DE417169C8E00810813 /* Release */,
			);
			defaultConfigurationIsVisible = 0;
			defaultConfigurationName = Release;
		};
/* End XCConfigurationList section */
	};
	rootObject = CC9F8DB717169C8E00810813 /* Project object */;
}
